
Microsoft Visual Studio Solution File, Format Version 12.00
# Visual Studio 2012
Project("{FAE04EC0-301F-11D3-BF4B-00C04F79EFBC}") = "re2", "re2\re2.csproj", "{5AF885C5-54BF-4DD2-99CB-A1972F947CA0}"
EndProject
Global
	GlobalSection(SolutionConfigurationPlatforms) = preSolution
		Debug|Any CPU = Debug|Any CPU
		Release|Any CPU = Release|Any CPU
	EndGlobalSection
	GlobalSection(ProjectConfigurationPlatforms) = postSolution
		{5AF885C5-54BF-4DD2-99CB-A1972F947CA0}.Debug|Any CPU.ActiveCfg = Debug|Any CPU
		{5AF885C5-54BF-4DD2-99CB-A1972F947CA0}.Debug|Any CPU.Build.0 = Debug|Any CPU
		{5AF885C5-54BF-4DD2-99CB-A1972F947CA0}.Release|Any CPU.ActiveCfg = Release|Any CPU
		{5AF885C5-54BF-4DD2-99CB-A1972F947CA0}.Release|Any CPU.Build.0 = Release|Any CPU
	EndGlobalSection
	GlobalSection(SolutionProperties) = preSolution
		HideSolutionNode = FALSE
	EndGlobalSection
EndGlobal
